{
  "name": "async-demo",
  "version": "1.0.0",
  "lockfileVersion": 1,
  "requires": true,
  "dependencies": {
    "tomkami-lib": {
      "version": "1.4.2",
      "resolved": "https://registry.npmjs.org/tomkami-lib/-/tomkami-lib-1.4.2.tgz",
      "integrity": "sha512-78A4jfRYnSnJ2tEfmoXCU9lo4JwY3TXjTb9RltFSsovIrZgb42dza+fT3npO1+FWNEZ6prtX7kExZLsWE3lzrg=="
    }
  }
}
